// !$*UTF8*$!
{
	archiveVersion = 1;
	classes = {
	};
	objectVersion = 50;
	objects = {

/* Begin PBXBuildFile section */
		7C3697DC26C4EA04006C9104 /* AppDelegate.swift in Sources */ = {isa = PBXBuildFile; fileRef = 7C3697DB26C4EA04006C9104 /* AppDelegate.swift */; };
		7C3697DE26C4EA04006C9104 /* SceneDelegate.swift in Sources */ = {isa = PBXBuildFile; fileRef = 7C3697DD26C4EA04006C9104 /* SceneDelegate.swift */; };
		7C3697E026C4EA04006C9104 /* ViewController.swift in Sources */ = {isa = PBXBuildFile; fileRef = 7C3697DF26C4EA04006C9104 /* ViewController.swift */; };
		7C3697E326C4EA04006C9104 /* Main.storyboard in Resources */ = {isa = PBXBuildFile; fileRef = 7C3697E126C4EA04006C9104 /* Main.storyboard */; };
		7C3697E526C4EA06006C9104 /* Assets.xcassets in Resources */ = {isa = PBXBuildFile; fileRef = 7C3697E426C4EA06006C9104 /* Assets.xcassets */; };
		7C3697E826C4EA06006C9104 /* LaunchScreen.storyboard in Resources */ = {isa = PBXBuildFile; fileRef = 7C3697E626C4EA06006C9104 /* LaunchScreen.storyboard */; };
		7C3697F326C4EA06006C9104 /* PreworkTests.swift in Sources */ = {isa = PBXBuildFile; fileRef = 7C3697F226C4EA06006C9104 /* PreworkTests.swift */; };
		7C3697FE26C4EA06006C9104 /* PreworkUITests.swift in Sources */ = {isa = PBXBuildFile; fileRef = 7C3697FD26C4EA06006C9104 /* PreworkUITests.swift */; };
		7C36980E26CA39F2006C9104 /* SettingsViewController.swift in Sources */ = {isa = PBXBuildFile; fileRef = 7C36980D26CA39F2006C9104 /* SettingsViewController.swift */; };
/* End PBXBuildFile section */

/* Begin PBXContainerItemProxy section */
		7C3697EF26C4EA06006C9104 /* PBXContainerItemProxy */ = {
			isa = PBXContainerItemProxy;
			containerPortal = 7C3697D026C4EA04006C9104 /* Project object */;
			proxyType = 1;
			remoteGlobalIDString = 7C3697D726C4EA04006C9104;
			remoteInfo = Prework;
		};
		7C3697FA26C4EA06006C9104 /* PBXContainerItemProxy */ = {
			isa = PBXContainerItemProxy;
			containerPortal = 7C3697D026C4EA04006C9104 /* Project object */;
			proxyType = 1;
			remoteGlobalIDString = 7C3697D726C4EA04006C9104;
			remoteInfo = Prework;
		};
/* End PBXContainerItemProxy section */

/* Begin PBXFileReference section */
		7C3697D826C4EA04006C9104 /* Prework.app */ = {isa = PBXFileReference; explicitFileType = wrapper.application; includeInIndex = 0; path = Prework.app; sourceTree = BUILT_PRODUCTS_DIR; };
		7C3697DB26C4EA04006C9104 /* AppDelegate.swift */ = {isa = PBXFileReference; lastKnownFileType = sourcecode.swift; path = AppDelegate.swift; sourceTree = "<group>"; };
		7C3697DD26C4EA04006C9104 /* SceneDelegate.swift */ = {isa = PBXFileReference; lastKnownFileType = sourcecode.swift; path = SceneDelegate.swift; sourceTree = "<group>"; };
		7C3697DF26C4EA04006C9104 /* ViewController.swift */ = {isa = PBXFileReference; lastKnownFileType = sourcecode.swift; path = ViewController.swift; sourceTree = "<group>"; };
		7C3697E226C4EA04006C9104 /* Base */ = {isa = PBXFileReference; lastKnownFileType = file.storyboard; name = Base; path = Base.lproj/Main.storyboard; sourceTree = "<group>"; };
		7C3697E426C4EA06006C9104 /* Assets.xcassets */ = {isa = PBXFileReference; lastKnownFileType = folder.assetcatalog; path = Assets.xcassets; sourceTree = "<group>"; };
		7C3697E726C4EA06006C9104 /* Base */ = {isa = PBXFileReference; lastKnownFileType = file.storyboard; name = Base; path = Base.lproj/LaunchScreen.storyboard; sourceTree = "<group>"; };
		7C3697E926C4EA06006C9104 /* Info.plist */ = {isa = PBXFileReference; lastKnownFileType = text.plist.xml; path = Info.plist; sourceTree = "<group>"; };
		7C3697EE26C4EA06006C9104 /* PreworkTests.xctest */ = {isa = PBXFileReference; explicitFileType = wrapper.cfbundle; includeInIndex = 0; path = PreworkTests.xctest; sourceTree = BUILT_PRODUCTS_DIR; };
		7C3697F226C4EA06006C9104 /* PreworkTests.swift */ = {isa = PBXFileReference; lastKnownFileType = sourcecode.swift; path = PreworkTests.swift; sourceTree = "<group>"; };
		7C3697F426C4EA06006C9104 /* Info.plist */ = {isa = PBXFileReference; lastKnownFileType = text.plist.xml; path = Info.plist; sourceTree = "<group>"; };
		7C3697F926C4EA06006C9104 /* PreworkUITests.xctest */ = {isa = PBXFileReference; explicitFileType = wrapper.cfbundle; includeInIndex = 0; path = PreworkUITests.xctest; sourceTree = BUILT_PRODUCTS_DIR; };
		7C3697FD26C4EA06006C9104 /* PreworkUITests.swift */ = {isa = PBXFileReference; lastKnownFileType = sourcecode.swift; path = PreworkUITests.swift; sourceTree = "<group>"; };
		7C3697FF26C4EA06006C9104 /* Info.plist */ = {isa = PBXFileReference; lastKnownFileType = text.plist.xml; path = Info.plist; sourceTree = "<group>"; };
		7C36980D26CA39F2006C9104 /* SettingsViewController.swift */ = {isa = PBXFileReference; lastKnownFileType = sourcecode.swift; path = SettingsViewController.swift; sourceTree = "<group>"; };
/* End PBXFileReference section */

/* Begin PBXFrameworksBuildPhase section */
		7C3697D526C4EA04006C9104 /* Frameworks */ = {
			isa = PBXFrameworksBuildPhase;
			buildActionMask = 2147483647;
			files = (
			);
			runOnlyForDeploymentPostprocessing = 0;
		};
		7C3697EB26C4EA06006C9104 /* Frameworks */ = {
			isa = PBXFrameworksBuildPhase;
			buildActionMask = 2147483647;
			files = (
			);
			runOnlyForDeploymentPostprocessing = 0;
		};
		7C3697F626C4EA06006C9104 /* Frameworks */ = {
			isa = PBXFrameworksBuildPhase;
			buildActionMask = 2147483647;
			files = (
			);
			runOnlyForDeploymentPostprocessing = 0;
		};
/* End PBXFrameworksBuildPhase section */

/* Begin PBXGroup section */
		7C3697CF26C4EA04006C9104 = {
			isa = PBXGroup;
			children = (
				7C3697DA26C4EA04006C9104 /* Prework */,
				7C3697F126C4EA06006C9104 /* PreworkTests */,
				7C3697FC26C4EA06006C9104 /* PreworkUITests */,
				7C3697D926C4EA04006C9104 /* Products */,
			);
			sourceTree = "<group>";
		};
		7C3697D926C4EA04006C9104 /* Products */ = {
			isa = PBXGroup;
			children = (
				7C3697D826C4EA04006C9104 /* Prework.app */,
				7C3697EE26C4EA06006C9104 /* PreworkTests.xctest */,
				7C3697F926C4EA06006C9104 /* PreworkUITests.xctest */,
			);
			name = Products;
			sourceTree = "<group>";
		};
		7C3697DA26C4EA04006C9104 /* Prework */ = {
			isa = PBXGroup;
			children = (
				7C36980D26CA39F2006C9104 /* SettingsViewController.swift */,
				7C3697DB26C4EA04006C9104 /* AppDelegate.swift */,
				7C3697DD26C4EA04006C9104 /* SceneDelegate.swift */,
				7C3697DF26C4EA04006C9104 /* ViewController.swift */,
				7C3697E126C4EA04006C9104 /* Main.storyboard */,
				7C3697E426C4EA06006C9104 /* Assets.xcassets */,
				7C3697E626C4EA06006C9104 /* LaunchScreen.storyboard */,
				7C3697E926C4EA06006C9104 /* Info.plist */,
			);
			path = Prework;
			sourceTree = "<group>";
		};
		7C3697F126C4EA06006C9104 /* PreworkTests */ = {
			isa = PBXGroup;
			children = (
				7C3697F226C4EA06006C9104 /* PreworkTests.swift */,
				7C3697F426C4EA06006C9104 /* Info.plist */,
			);
			path = PreworkTests;
			sourceTree = "<group>";
		};
		7C3697FC26C4EA06006C9104 /* PreworkUITests */ = {
			isa = PBXGroup;
			children = (
				7C3697FD26C4EA06006C9104 /* PreworkUITests.swift */,
				7C3697FF26C4EA06006C9104 /* Info.plist */,
			);
			path = PreworkUITests;
			sourceTree = "<group>";
		};
/* End PBXGroup section */

/* Begin PBXNativeTarget section */
		7C3697D726C4EA04006C9104 /* Prework */ = {
			isa = PBXNativeTarget;
			buildConfigurationList = 7C36980226C4EA06006C9104 /* Build configuration list for PBXNativeTarget "Prework" */;
			buildPhases = (
				7C3697D426C4EA04006C9104 /* Sources */,
				7C3697D526C4EA04006C9104 /* Frameworks */,
				7C3697D626C4EA04006C9104 /* Resources */,
			);
			buildRules = (
			);
			dependencies = (
			);
			name = Prework;
			productName = Prework;
			productReference = 7C3697D826C4EA04006C9104 /* Prework.app */;
			productType = "com.apple.product-type.application";
		};
		7C3697ED26C4EA06006C9104 /* PreworkTests */ = {
			isa = PBXNativeTarget;
			buildConfigurationList = 7C36980526C4EA06006C9104 /* Build configuration list for PBXNativeTarget "PreworkTests" */;
			buildPhases = (
				7C3697EA26C4EA06006C9104 /* Sources */,
				7C3697EB26C4EA06006C9104 /* Frameworks */,
				7C3697EC26C4EA06006C9104 /* Resources */,
			);
			buildRules = (
			);
			dependencies = (
				7C3697F026C4EA06006C9104 /* PBXTargetDependency */,
			);
			name = PreworkTests;
			productName = PreworkTests;
			productReference = 7C3697EE26C4EA06006C9104 /* PreworkTests.xctest */;
			productType = "com.apple.product-type.bundle.unit-test";
		};
		7C3697F826C4EA06006C9104 /* PreworkUITests */ = {
			isa = PBXNativeTarget;
			buildConfigurationList = 7C36980826C4EA06006C9104 /* Build configuration list for PBXNativeTarget "PreworkUITests" */;
			buildPhases = (
				7C3697F526C4EA06006C9104 /* Sources */,
				7C3697F626C4EA06006C9104 /* Frameworks */,
				7C3697F726C4EA06006C9104 /* Resources */,
			);
			buildRules = (
			);
			dependencies = (
				7C3697FB26C4EA06006C9104 /* PBXTargetDependency */,
			);
			name = PreworkUITests;
			productName = PreworkUITests;
			productReference = 7C3697F926C4EA06006C9104 /* PreworkUITests.xctest */;
			productType = "com.apple.product-type.bundle.ui-testing";
		};
/* End PBXNativeTarget section */

/* Begin PBXProject section */
		7C3697D026C4EA04006C9104 /* Project object */ = {
			isa = PBXProject;
			attributes = {
				LastSwiftUpdateCheck = 1250;
				LastUpgradeCheck = 1250;
				TargetAttributes = {
					7C3697D726C4EA04006C9104 = {
						CreatedOnToolsVersion = 12.5.1;
					};
					7C3697ED26C4EA06006C9104 = {
						CreatedOnToolsVersion = 12.5.1;
						TestTargetID = 7C3697D726C4EA04006C9104;
					};
					7C3697F826C4EA06006C9104 = {
						CreatedOnToolsVersion = 12.5.1;
						TestTargetID = 7C3697D726C4EA04006C9104;
					};
				};
			};
			buildConfigurationList = 7C3697D326C4EA04006C9104 /* Build configuration list for PBXProject "Prework" */;
			compatibilityVersion = "Xcode 9.3";
			developmentRegion = en;
			hasScannedForEncodings = 0;
			knownRegions = (
				en,
				Base,
			);
			mainGroup = 7C3697CF26C4EA04006C9104;
			productRefGroup = 7C3697D926C4EA04006C9104 /* Products */;
			projectDirPath = "";
			projectRoot = "";
			targets = (
				7C3697D726C4EA04006C9104 /* Prework */,
				7C3697ED26C4EA06006C9104 /* PreworkTests */,
				7C3697F826C4EA06006C9104 /* PreworkUITests */,
			);
		};
/* End PBXProject section */

/* Begin PBXResourcesBuildPhase section */
		7C3697D626C4EA04006C9104 /* Resources */ = {
			isa = PBXResourcesBuildPhase;
			buildActionMask = 2147483647;
			files = (
				7C3697E826C4EA06006C9104 /* LaunchScreen.storyboard in Resources */,
				7C3697E526C4EA06006C9104 /* Assets.xcassets in Resources */,
				7C3697E326C4EA04006C9104 /* Main.storyboard in Resources */,
			);
			runOnlyForDeploymentPostprocessing = 0;
		};
		7C3697EC26C4EA06006C9104 /* Resources */ = {
			isa = PBXResourcesBuildPhase;
			buildActionMask = 2147483647;
			files = (
			);
			runOnlyForDeploymentPostprocessing = 0;
		};
		7C3697F726C4EA06006C9104 /* Resources */ = {
			isa = PBXResourcesBuildPhase;
			buildActionMask = 2147483647;
			files = (
			);
			runOnlyForDeploymentPostprocessing = 0;
		};
/* End PBXResourcesBuildPhase section */

/* Begin PBXSourcesBuildPhase section */
		7C3697D426C4EA04006C9104 /* Sources */ = {
			isa = PBXSourcesBuildPhase;
			buildActionMask = 2147483647;
			files = (
				7C3697E026C4EA04006C9104 /* ViewController.swift in Sources */,
				7C3697DC26C4EA04006C9104 /* AppDelegate.swift in Sources */,
				7C3697DE26C4EA04006C9104 /* SceneDelegate.swift in Sources */,
				7C36980E26CA39F2006C9104 /* SettingsViewController.swift in Sources */,
			);
			runOnlyForDeploymentPostprocessing = 0;
		};
		7C3697EA26C4EA06006C9104 /* Sources */ = {
			isa = PBXSourcesBuildPhase;
			buildActionMask = 2147483647;
			files = (
				7C3697F326C4EA06006C9104 /* PreworkTests.swift in Sources */,
			);
			runOnlyForDeploymentPostprocessing = 0;
		};
		7C3697F526C4EA06006C9104 /* Sources */ = {
			isa = PBXSourcesBuildPhase;
			buildActionMask = 2147483647;
			files = (
				7C3697FE26C4EA06006C9104 /* PreworkUITests.swift in Sources */,
			);
			runOnlyForDeploymentPostprocessing = 0;
		};
/* End PBXSourcesBuildPhase section */

/* Begin PBXTargetDependency section */
		7C3697F026C4EA06006C9104 /* PBXTargetDependency */ = {
			isa = PBXTargetDependency;
			target = 7C3697D726C4EA04006C9104 /* Prework */;
			targetProxy = 7C3697EF26C4EA06006C9104 /* PBXContainerItemProxy */;
		};
		7C3697FB26C4EA06006C9104 /* PBXTargetDependency */ = {
			isa = PBXTargetDependency;
			target = 7C3697D726C4EA04006C9104 /* Prework */;
			targetProxy = 7C3697FA26C4EA06006C9104 /* PBXContainerItemProxy */;
		};
/* End PBXTargetDependency section */

/* Begin PBXVariantGroup section */
		7C3697E126C4EA04006C9104 /* Main.storyboard */ = {
			isa = PBXVariantGroup;
			children = (
				7C3697E226C4EA04006C9104 /* Base */,
			);
			name = Main.storyboard;
			sourceTree = "<group>";
		};
		7C3697E626C4EA06006C9104 /* LaunchScreen.storyboard */ = {
			isa = PBXVariantGroup;
			children = (
				7C3697E726C4EA06006C9104 /* Base */,
			);
			name = LaunchScreen.storyboard;
			sourceTree = "<group>";
		};
/* End PBXVariantGroup section */

/* Begin XCBuildConfiguration section */
		7C36980026C4EA06006C9104 /* Debug */ = {
			isa = XCBuildConfiguration;
			buildSettings = {
				ALWAYS_SEARCH_USER_PATHS = NO;
				CLANG_ANALYZER_NONNULL = YES;
				CLANG_ANALYZER_NUMBER_OBJECT_CONVERSION = YES_AGGRESSIVE;
				CLANG_CXX_LANGUAGE_STANDARD = "gnu++14";
				CLANG_CXX_LIBRARY = "libc++";
				CLANG_ENABLE_MODULES = YES;
				CLANG_ENABLE_OBJC_ARC = YES;
				CLANG_ENABLE_OBJC_WEAK = YES;
				CLANG_WARN_BLOCK_CAPTURE_AUTORELEASING = YES;
				CLANG_WARN_BOOL_CONVERSION = YES;
				CLANG_WARN_COMMA = YES;
				CLANG_WARN_CONSTANT_CONVERSION = YES;
				CLANG_WARN_DEPRECATED_OBJC_IMPLEMENTATIONS = YES;
				CLANG_WARN_DIRECT_OBJC_ISA_USAGE = YES_ERROR;
				CLANG_WARN_DOCUMENTATION_COMMENTS = YES;
				CLANG_WARN_EMPTY_BODY = YES;
				CLANG_WARN_ENUM_CONVERSION = YES;
				CLANG_WARN_INFINITE_RECURSION = YES;
				CLANG_WARN_INT_CONVERSION = YES;
				CLANG_WARN_NON_LITERAL_NULL_CONVERSION = YES;
				CLANG_WARN_OBJC_IMPLICIT_RETAIN_SELF = YES;
				CLANG_WARN_OBJC_LITERAL_CONVERSION = YES;
				CLANG_WARN_OBJC_ROOT_CLASS = YES_ERROR;
				CLANG_WARN_QUOTED_INCLUDE_IN_FRAMEWORK_HEADER = YES;
				CLANG_WARN_RANGE_LOOP_ANALYSIS = YES;
				CLANG_WARN_STRICT_PROTOTYPES = YES;
				CLANG_WARN_SUSPICIOUS_MOVE = YES;
				CLANG_WARN_UNGUARDED_AVAILABILITY = YES_AGGRESSIVE;
				CLANG_WARN_UNREACHABLE_CODE = YES;
				CLANG_WARN__DUPLICATE_METHOD_MATCH = YES;
				COPY_PHASE_STRIP = NO;
				DEBUG_INFORMATION_FORMAT = dwarf;
				ENABLE_STRICT_OBJC_MSGSEND = YES;
				ENABLE_TESTABILITY = YES;
				GCC_C_LANGUAGE_STANDARD = gnu11;
				GCC_DYNAMIC_NO_PIC = NO;
				GCC_NO_COMMON_BLOCKS = YES;
				GCC_OPTIMIZATION_LEVEL = 0;
				GCC_PREPROCESSOR_DEFINITIONS = (
					"DEBUG=1",
					"$(inherited)",
				);
				GCC_WARN_64_TO_32_BIT_CONVERSION = YES;
				GCC_WARN_ABOUT_RETURN_TYPE = YES_ERROR;
				GCC_WARN_UNDECLARED_SELECTOR = YES;
				GCC_WARN_UNINITIALIZED_AUTOS = YES_AGGRESSIVE;
				GCC_WARN_UNUSED_FUNCTION = YES;
				GCC_WARN_UNUSED_VARIABLE = YES;
				IPHONEOS_DEPLOYMENT_TARGET = 14.5;
				MTL_ENABLE_DEBUG_INFO = INCLUDE_SOURCE;
				MTL_FAST_MATH = YES;
				ONLY_ACTIVE_ARCH = YES;
				SDKROOT = iphoneos;
				SWIFT_ACTIVE_COMPILATION_CONDITIONS = DEBUG;
				SWIFT_OPTIMIZATION_LEVEL = "-Onone";
			};
			name = Debug;
		};
		7C36980126C4EA06006C9104 /* Release */ = {
			isa = XCBuildConfiguration;
			buildSettings = {
				ALWAYS_SEARCH_USER_PATHS = NO;
				CLANG_ANALYZER_NONNULL = YES;
				CLANG_ANALYZER_NUMBER_OBJECT_CONVERSION = YES_AGGRESSIVE;
				CLANG_CXX_LANGUAGE_STANDARD = "gnu++14";
				CLANG_CXX_LIBRARY = "libc++";
				CLANG_ENABLE_MODULES = YES;
				CLANG_ENABLE_OBJC_ARC = YES;
				CLANG_ENABLE_OBJC_WEAK = YES;
				CLANG_WARN_BLOCK_CAPTURE_AUTORELEASING = YES;
				CLANG_WARN_BOOL_CONVERSION = YES;
				CLANG_WARN_COMMA = YES;
				CLANG_WARN_CONSTANT_CONVERSION = YES;
				CLANG_WARN_DEPRECATED_OBJC_IMPLEMENTATIONS = YES;
				CLANG_WARN_DIRECT_OBJC_ISA_USAGE = YES_ERROR;
				CLANG_WARN_DOCUMENTATION_COMMENTS = YES;
				CLANG_WARN_EMPTY_BODY = YES;
				CLANG_WARN_ENUM_CONVERSION = YES;
				CLANG_WARN_INFINITE_RECURSION = YES;
				CLANG_WARN_INT_CONVERSION = YES;
				CLANG_WARN_NON_LITERAL_NULL_CONVERSION = YES;
				CLANG_WARN_OBJC_IMPLICIT_RETAIN_SELF = YES;
				CLANG_WARN_OBJC_LITERAL_CONVERSION = YES;
				CLANG_WARN_OBJC_ROOT_CLASS = YES_ERROR;
				CLANG_WARN_QUOTED_INCLUDE_IN_FRAMEWORK_HEADER = YES;
				CLANG_WARN_RANGE_LOOP_ANALYSIS = YES;
				CLANG_WARN_STRICT_PROTOTYPES = YES;
				CLANG_WARN_SUSPICIOUS_MOVE = YES;
				CLANG_WARN_UNGUARDED_AVAILABILITY = YES_AGGRESSIVE;
				CLANG_WARN_UNREACHABLE_CODE = YES;
				CLANG_WARN__DUPLICATE_METHOD_MATCH = YES;
				COPY_PHASE_STRIP = NO;
				DEBUG_INFORMATION_FORMAT = "dwarf-with-dsym";
				ENABLE_NS_ASSERTIONS = NO;
				ENABLE_STRICT_OBJC_MSGSEND = YES;
				GCC_C_LANGUAGE_STANDARD = gnu11;
				GCC_NO_COMMON_BLOCKS = YES;
				GCC_WARN_64_TO_32_BIT_CONVERSION = YES;
				GCC_WARN_ABOUT_RETURN_TYPE = YES_ERROR;
				GCC_WARN_UNDECLARED_SELECTOR = YES;
				GCC_WARN_UNINITIALIZED_AUTOS = YES_AGGRESSIVE;
				GCC_WARN_UNUSED_FUNCTION = YES;
				GCC_WARN_UNUSED_VARIABLE = YES;
				IPHONEOS_DEPLOYMENT_TARGET = 14.5;
				MTL_ENABLE_DEBUG_INFO = NO;
				MTL_FAST_MATH = YES;
				SDKROOT = iphoneos;
				SWIFT_COMPILATION_MODE = wholemodule;
				SWIFT_OPTIMIZATION_LEVEL = "-O";
				VALIDATE_PRODUCT = YES;
			};
			name = Release;
		};
		7C36980326C4EA06006C9104 /* Debug */ = {
			isa = XCBuildConfiguration;
			buildSettings = {
				ASSETCATALOG_COMPILER_APPICON_NAME = AppIcon;
				ASSETCATALOG_COMPILER_GLOBAL_ACCENT_COLOR_NAME = AccentColor;
				CODE_SIGN_STYLE = Automatic;
				DEVELOPMENT_TEAM = EZVAKYT86Q;
				INFOPLIST_FILE = Prework/Info.plist;
				LD_RUNPATH_SEARCH_PATHS = (
					"$(inherited)",
					"@executable_path/Frameworks",
				);
				PRODUCT_BUNDLE_IDENTIFIER = AhmadSul.Prework;
				PRODUCT_NAME = "$(TARGET_NAME)";
				SWIFT_VERSION = 5.0;
				TARGETED_DEVICE_FAMILY = "1,2";
			};
			name = Debug;
		};
		7C36980426C4EA06006C9104 /* Release */ = {
			isa = XCBuildConfiguration;
			buildSettings = {
				ASSETCATALOG_COMPILER_APPICON_NAME = AppIcon;
				ASSETCATALOG_COMPILER_GLOBAL_ACCENT_COLOR_NAME = AccentColor;
				CODE_SIGN_STYLE = Automatic;
				DEVELOPMENT_TEAM = EZVAKYT86Q;
				INFOPLIST_FILE = Prework/Info.plist;
				LD_RUNPATH_SEARCH_PATHS = (
					"$(inherited)",
					"@executable_path/Frameworks",
				);
				PRODUCT_BUNDLE_IDENTIFIER = AhmadSul.Prework;
				PRODUCT_NAME = "$(TARGET_NAME)";
				SWIFT_VERSION = 5.0;
				TARGETED_DEVICE_FAMILY = "1,2";
			};
			name = Release;
		};
		7C36980626C4EA06006C9104 /* Debug */ = {
			isa = XCBuildConfiguration;
			buildSettings = {
				ALWAYS_EMBED_SWIFT_STANDARD_LIBRARIES = YES;
				BUNDLE_LOADER = "$(TEST_HOST)";
				CODE_SIGN_STYLE = Automatic;
				DEVELOPMENT_TEAM = EZVAKYT86Q;
				INFOPLIST_FILE = PreworkTests/Info.plist;
				IPHONEOS_DEPLOYMENT_TARGET = 14.5;
				LD_RUNPATH_SEARCH_PATHS = (
					"$(inherited)",
					"@executable_path/Frameworks",
					"@loader_path/Frameworks",
				);
				PRODUCT_BUNDLE_IDENTIFIER = AhmadSul.PreworkTests;
				PRODUCT_NAME = "$(TARGET_NAME)";
				SWIFT_VERSION = 5.0;
				TARGETED_DEVICE_FAMILY = "1,2";
				TEST_HOST = "$(BUILT_PRODUCTS_DIR)/Prework.app/Prework";
			};
			name = Debug;
		};
		7C36980726C4EA06006C9104 /* Release */ = {
			isa = XCBuildConfiguration;
			buildSettings = {
				ALWAYS_EMBED_SWIFT_STANDARD_LIBRARIES = YES;
				BUNDLE_LOADER = "$(TEST_HOST)";
				CODE_SIGN_STYLE = Automatic;
				DEVELOPMENT_TEAM = EZVAKYT86Q;
				INFOPLIST_FILE = PreworkTests/Info.plist;
				IPHONEOS_DEPLOYMENT_TARGET = 14.5;
				LD_RUNPATH_SEARCH_PATHS = (
					"$(inherited)",
					"@executable_path/Frameworks",
					"@loader_path/Frameworks",
				);
				PRODUCT_BUNDLE_IDENTIFIER = AhmadSul.PreworkTests;
				PRODUCT_NAME = "$(TARGET_NAME)";
				SWIFT_VERSION = 5.0;
				TARGETED_DEVICE_FAMILY = "1,2";
				TEST_HOST = "$(BUILT_PRODUCTS_DIR)/Prework.app/Prework";
			};
			name = Release;
		};
		7C36980926C4EA06006C9104 /* Debug */ = {
			isa = XCBuildConfiguration;
			buildSettings = {
				ALWAYS_EMBED_SWIFT_STANDARD_LIBRARIES = YES;
				CODE_SIGN_STYLE = Automatic;
				DEVELOPMENT_TEAM = EZVAKYT86Q;
				INFOPLIST_FILE = PreworkUITests/Info.plist;
				LD_RUNPATH_SEARCH_PATHS = (
					"$(inherited)",
					"@executable_path/Frameworks",
					"@loader_path/Frameworks",
				);
				PRODUCT_BUNDLE_IDENTIFIER = AhmadSul.PreworkUITests;
				PRODUCT_NAME = "$(TARGET_NAME)";
				SWIFT_VERSION = 5.0;
				TARGETED_DEVICE_FAMILY = "1,2";
				TEST_TARGET_NAME = Prework;
			};
			name = Debug;
		};
		7C36980A26C4EA06006C9104 /* Release */ = {
			isa = XCBuildConfiguration;
			buildSettings = {
				ALWAYS_EMBED_SWIFT_STANDARD_LIBRARIES = YES;
				CODE_SIGN_STYLE = Automatic;
				DEVELOPMENT_TEAM = EZVAKYT86Q;
				INFOPLIST_FILE = PreworkUITests/Info.plist;
				LD_RUNPATH_SEARCH_PATHS = (
					"$(inherited)",
					"@executable_path/Frameworks",
					"@loader_path/Frameworks",
				);
				PRODUCT_BUNDLE_IDENTIFIER = AhmadSul.PreworkUITests;
				PRODUCT_NAME = "$(TARGET_NAME)";
				SWIFT_VERSION = 5.0;
				TARGETED_DEVICE_FAMILY = "1,2";
				TEST_TARGET_NAME = Prework;
			};
			name = Release;
		};
/* End XCBuildConfiguration section */

/* Begin XCConfigurationList section */
		7C3697D326C4EA04006C9104 /* Build configuration list for PBXProject "Prework" */ = {
			isa = XCConfigurationList;
			buildConfigurations = (
				7C36980026C4EA06006C9104 /* Debug */,
				7C36980126C4EA06006C9104 /* Release */,
			);
			defaultConfigurationIsVisible = 0;
			defaultConfigurationName = Release;
		};
		7C36980226C4EA06006C9104 /* Build configuration list for PBXNativeTarget "Prework" */ = {
			isa = XCConfigurationList;
			buildConfigurations = (
				7C36980326C4EA06006C9104 /* Debug */,
				7C36980426C4EA06006C9104 /* Release */,
			);
			defaultConfigurationIsVisible = 0;
			defaultConfigurationName = Release;
		};
		7C36980526C4EA06006C9104 /* Build configuration list for PBXNativeTarget "PreworkTests" */ = {
			isa = XCConfigurationList;
			buildConfigurations = (
				7C36980626C4EA06006C9104 /* Debug */,
				7C36980726C4EA06006C9104 /* Release */,
			);
			defaultConfigurationIsVisible = 0;
			defaultConfigurationName = Release;
		};
		7C36980826C4EA06006C9104 /* Build configuration list for PBXNativeTarget "PreworkUITests" */ = {
			isa = XCConfigurationList;
			buildConfigurations = (
				7C36980926C4EA06006C9104 /* Debug */,
				7C36980A26C4EA06006C9104 /* Release */,
			);
			defaultConfigurationIsVisible = 0;
			defaultConfigurationName = Release;
		};
/* End XCConfigurationList section */
	};
	rootObject = 7C3697D026C4EA04006C9104 /* Project object */;
}
